
Microsoft Visual Studio Solution File, Format Version 12.00
# Visual Studio 15
VisualStudioVersion = 15.0.28307.168
MinimumVisualStudioVersion = 10.0.40219.1
Project("{FAE04EC0-301F-11D3-BF4B-00C04F79EFBC}") = "DemoCICD", "DemoCICD\DemoCICD.csproj", "{3F8E3FA6-D1AC-49DC-B08C-AF0D56EBDE2B}"
EndProject
Global
	GlobalSection(SolutionConfigurationPlatforms) = preSolution
		Debug|Any CPU = Debug|Any CPU
		Release|Any CPU = Release|Any CPU
	EndGlobalSection
	GlobalSection(ProjectConfigurationPlatforms) = postSolution
		{3F8E3FA6-D1AC-49DC-B08C-AF0D56EBDE2B}.Debug|Any CPU.ActiveCfg = Debug|Any CPU
		{3F8E3FA6-D1AC-49DC-B08C-AF0D56EBDE2B}.Debug|Any CPU.Build.0 = Debug|Any CPU
		{3F8E3FA6-D1AC-49DC-B08C-AF0D56EBDE2B}.Release|Any CPU.ActiveCfg = Release|Any CPU
		{3F8E3FA6-D1AC-49DC-B08C-AF0D56EBDE2B}.Release|Any CPU.Build.0 = Release|Any CPU
	EndGlobalSection
	GlobalSection(SolutionProperties) = preSolution
		HideSolutionNode = FALSE
	EndGlobalSection
	GlobalSection(ExtensibilityGlobals) = postSolution
		SolutionGuid = {E2533826-EEEB-4842-9058-B6058FCDB98A}
	EndGlobalSection
EndGlobal
